// !$*UTF8*$!
{
	archiveVersion = 1;
	classes = {
	};
	objectVersion = 46;
	objects = {

/* Begin PBXBuildFile section */
		FF4AADF81D75233B005EC8CB /* Person.m in Sources */ = {isa = PBXBuildFile; fileRef = FF4AADF71D75233B005EC8CB /* Person.m */; };
		FF4AADFA1D755079005EC8CB /* testPerson.m in Sources */ = {isa = PBXBuildFile; fileRef = FF4AADF91D755079005EC8CB /* testPerson.m */; };
		FFF3201B1D7440FA0058BE8D /* main.m in Sources */ = {isa = PBXBuildFile; fileRef = FFF3201A1D7440FA0058BE8D /* main.m */; };
		FFF3201E1D7440FA0058BE8D /* AppDelegate.m in Sources */ = {isa = PBXBuildFile; fileRef = FFF3201D1D7440FA0058BE8D /* AppDelegate.m */; };
		FFF320211D7440FA0058BE8D /* ViewController.m in Sources */ = {isa = PBXBuildFile; fileRef = FFF320201D7440FA0058BE8D /* ViewController.m */; };
		FFF320241D7440FA0058BE8D /* Main.storyboard in Resources */ = {isa = PBXBuildFile; fileRef = FFF320221D7440FA0058BE8D /* Main.storyboard */; };
		FFF320261D7440FA0058BE8D /* Assets.xcassets in Resources */ = {isa = PBXBuildFile; fileRef = FFF320251D7440FA0058BE8D /* Assets.xcassets */; };
		FFF320291D7440FA0058BE8D /* LaunchScreen.storyboard in Resources */ = {isa = PBXBuildFile; fileRef = FFF320271D7440FA0058BE8D /* LaunchScreen.storyboard */; };
		FFF320441D7441970058BE8D /* MyArray.m in Sources */ = {isa = PBXBuildFile; fileRef = FFF320431D7441970058BE8D /* MyArray.m */; };
/* End PBXBuildFile section */

/* Begin PBXContainerItemProxy section */
		FFF320301D7440FA0058BE8D /* PBXContainerItemProxy */ = {
			isa = PBXContainerItemProxy;
			containerPortal = FFF3200E1D7440FA0058BE8D /* Project object */;
			proxyType = 1;
			remoteGlobalIDString = FFF320151D7440FA0058BE8D;
			remoteInfo = StudyDemo;
		};
/* End PBXContainerItemProxy section */

/* Begin PBXFileReference section */
		FF4AADF61D75233B005EC8CB /* Person.h */ = {isa = PBXFileReference; fileEncoding = 4; lastKnownFileType = sourcecode.c.h; path = Person.h; sourceTree = "<group>"; };
		FF4AADF71D75233B005EC8CB /* Person.m */ = {isa = PBXFileReference; fileEncoding = 4; lastKnownFileType = sourcecode.c.objc; path = Person.m; sourceTree = "<group>"; };
		FF4AADF91D755079005EC8CB /* testPerson.m */ = {isa = PBXFileReference; fileEncoding = 4; lastKnownFileType = sourcecode.c.objc; path = testPerson.m; sourceTree = "<group>"; };
		FFF320161D7440FA0058BE8D /* StudyDemo.app */ = {isa = PBXFileReference; explicitFileType = wrapper.application; includeInIndex = 0; path = StudyDemo.app; sourceTree = BUILT_PRODUCTS_DIR; };
		FFF3201A1D7440FA0058BE8D /* main.m */ = {isa = PBXFileReference; lastKnownFileType = sourcecode.c.objc; path = main.m; sourceTree = "<group>"; };
		FFF3201C1D7440FA0058BE8D /* AppDelegate.h */ = {isa = PBXFileReference; lastKnownFileType = sourcecode.c.h; path = AppDelegate.h; sourceTree = "<group>"; };
		FFF3201D1D7440FA0058BE8D /* AppDelegate.m */ = {isa = PBXFileReference; lastKnownFileType = sourcecode.c.objc; path = AppDelegate.m; sourceTree = "<group>"; };
		FFF3201F1D7440FA0058BE8D /* ViewController.h */ = {isa = PBXFileReference; lastKnownFileType = sourcecode.c.h; path = ViewController.h; sourceTree = "<group>"; };
		FFF320201D7440FA0058BE8D /* ViewController.m */ = {isa = PBXFileReference; lastKnownFileType = sourcecode.c.objc; path = ViewController.m; sourceTree = "<group>"; };
		FFF320231D7440FA0058BE8D /* Base */ = {isa = PBXFileReference; lastKnownFileType = file.storyboard; name = Base; path = Base.lproj/Main.storyboard; sourceTree = "<group>"; };
		FFF320251D7440FA0058BE8D /* Assets.xcassets */ = {isa = PBXFileReference; lastKnownFileType = folder.assetcatalog; path = Assets.xcassets; sourceTree = "<group>"; };
		FFF320281D7440FA0058BE8D /* Base */ = {isa = PBXFileReference; lastKnownFileType = file.storyboard; name = Base; path = Base.lproj/LaunchScreen.storyboard; sourceTree = "<group>"; };
		FFF3202A1D7440FA0058BE8D /* Info.plist */ = {isa = PBXFileReference; lastKnownFileType = text.plist.xml; path = Info.plist; sourceTree = "<group>"; };
		FFF3202F1D7440FA0058BE8D /* StudyDemoTests.xctest */ = {isa = PBXFileReference; explicitFileType = wrapper.cfbundle; includeInIndex = 0; path = StudyDemoTests.xctest; sourceTree = BUILT_PRODUCTS_DIR; };
		FFF320351D7440FA0058BE8D /* Info.plist */ = {isa = PBXFileReference; lastKnownFileType = text.plist.xml; path = Info.plist; sourceTree = "<group>"; };
		FFF320421D7441970058BE8D /* MyArray.h */ = {isa = PBXFileReference; fileEncoding = 4; lastKnownFileType = sourcecode.c.h; path = MyArray.h; sourceTree = "<group>"; };
		FFF320431D7441970058BE8D /* MyArray.m */ = {isa = PBXFileReference; fileEncoding = 4; lastKnownFileType = sourcecode.c.objc; path = MyArray.m; sourceTree = "<group>"; };
/* End PBXFileReference section */

/* Begin PBXFrameworksBuildPhase section */
		FFF320131D7440FA0058BE8D /* Frameworks */ = {
			isa = PBXFrameworksBuildPhase;
			buildActionMask = 2147483647;
			files = (
			);
			runOnlyForDeploymentPostprocessing = 0;
		};
		FFF3202C1D7440FA0058BE8D /* Frameworks */ = {
			isa = PBXFrameworksBuildPhase;
			buildActionMask = 2147483647;
			files = (
			);
			runOnlyForDeploymentPostprocessing = 0;
		};
/* End PBXFrameworksBuildPhase section */

/* Begin PBXGroup section */
		FFF3200D1D7440FA0058BE8D = {
			isa = PBXGroup;
			children = (
				FFF320181D7440FA0058BE8D /* StudyDemo */,
				FFF320321D7440FA0058BE8D /* StudyDemoTests */,
				FFF320171D7440FA0058BE8D /* Products */,
			);
			sourceTree = "<group>";
		};
		FFF320171D7440FA0058BE8D /* Products */ = {
			isa = PBXGroup;
			children = (
				FFF320161D7440FA0058BE8D /* StudyDemo.app */,
				FFF3202F1D7440FA0058BE8D /* StudyDemoTests.xctest */,
			);
			name = Products;
			sourceTree = "<group>";
		};
		FFF320181D7440FA0058BE8D /* StudyDemo */ = {
			isa = PBXGroup;
			children = (
				FFF320411D7441440058BE8D /* MyClasses */,
				FFF3201C1D7440FA0058BE8D /* AppDelegate.h */,
				FFF3201D1D7440FA0058BE8D /* AppDelegate.m */,
				FFF3201F1D7440FA0058BE8D /* ViewController.h */,
				FFF320201D7440FA0058BE8D /* ViewController.m */,
				FFF320221D7440FA0058BE8D /* Main.storyboard */,
				FFF320251D7440FA0058BE8D /* Assets.xcassets */,
				FFF320271D7440FA0058BE8D /* LaunchScreen.storyboard */,
				FFF3202A1D7440FA0058BE8D /* Info.plist */,
				FFF320191D7440FA0058BE8D /* Supporting Files */,
			);
			path = StudyDemo;
			sourceTree = "<group>";
		};
		FFF320191D7440FA0058BE8D /* Supporting Files */ = {
			isa = PBXGroup;
			children = (
				FFF3201A1D7440FA0058BE8D /* main.m */,
			);
			name = "Supporting Files";
			sourceTree = "<group>";
		};
		FFF320321D7440FA0058BE8D /* StudyDemoTests */ = {
			isa = PBXGroup;
			children = (
				FF4AADF91D755079005EC8CB /* testPerson.m */,
				FFF320351D7440FA0058BE8D /* Info.plist */,
			);
			path = StudyDemoTests;
			sourceTree = "<group>";
		};
		FFF320411D7441440058BE8D /* MyClasses */ = {
			isa = PBXGroup;
			children = (
				FFF320421D7441970058BE8D /* MyArray.h */,
				FFF320431D7441970058BE8D /* MyArray.m */,
				FF4AADF61D75233B005EC8CB /* Person.h */,
				FF4AADF71D75233B005EC8CB /* Person.m */,
			);
			path = MyClasses;
			sourceTree = "<group>";
		};
/* End PBXGroup section */

/* Begin PBXNativeTarget section */
		FFF320151D7440FA0058BE8D /* StudyDemo */ = {
			isa = PBXNativeTarget;
			buildConfigurationList = FFF320381D7440FA0058BE8D /* Build configuration list for PBXNativeTarget "StudyDemo" */;
			buildPhases = (
				FFF320121D7440FA0058BE8D /* Sources */,
				FFF320131D7440FA0058BE8D /* Frameworks */,
				FFF320141D7440FA0058BE8D /* Resources */,
			);
			buildRules = (
			);
			dependencies = (
			);
			name = StudyDemo;
			productName = StudyDemo;
			productReference = FFF320161D7440FA0058BE8D /* StudyDemo.app */;
			productType = "com.apple.product-type.application";
		};
		FFF3202E1D7440FA0058BE8D /* StudyDemoTests */ = {
			isa = PBXNativeTarget;
			buildConfigurationList = FFF3203B1D7440FA0058BE8D /* Build configuration list for PBXNativeTarget "StudyDemoTests" */;
			buildPhases = (
				FFF3202B1D7440FA0058BE8D /* Sources */,
				FFF3202C1D7440FA0058BE8D /* Frameworks */,
				FFF3202D1D7440FA0058BE8D /* Resources */,
			);
			buildRules = (
			);
			dependencies = (
				FFF320311D7440FA0058BE8D /* PBXTargetDependency */,
			);
			name = StudyDemoTests;
			productName = StudyDemoTests;
			productReference = FFF3202F1D7440FA0058BE8D /* StudyDemoTests.xctest */;
			productType = "com.apple.product-type.bundle.unit-test";
		};
/* End PBXNativeTarget section */

/* Begin PBXProject section */
		FFF3200E1D7440FA0058BE8D /* Project object */ = {
			isa = PBXProject;
			attributes = {
				LastUpgradeCheck = 0730;
				ORGANIZATIONNAME = zhuxiaobin;
				TargetAttributes = {
					FFF320151D7440FA0058BE8D = {
						CreatedOnToolsVersion = 7.3.1;
					};
					FFF3202E1D7440FA0058BE8D = {
						CreatedOnToolsVersion = 7.3.1;
						TestTargetID = FFF320151D7440FA0058BE8D;
					};
				};
			};
			buildConfigurationList = FFF320111D7440FA0058BE8D /* Build configuration list for PBXProject "StudyDemo" */;
			compatibilityVersion = "Xcode 3.2";
			developmentRegion = English;
			hasScannedForEncodings = 0;
			knownRegions = (
				en,
				Base,
			);
			mainGroup = FFF3200D1D7440FA0058BE8D;
			productRefGroup = FFF320171D7440FA0058BE8D /* Products */;
			projectDirPath = "";
			projectRoot = "";
			targets = (
				FFF320151D7440FA0058BE8D /* StudyDemo */,
				FFF3202E1D7440FA0058BE8D /* StudyDemoTests */,
			);
		};
/* End PBXProject section */

/* Begin PBXResourcesBuildPhase section */
		FFF320141D7440FA0058BE8D /* Resources */ = {
			isa = PBXResourcesBuildPhase;
			buildActionMask = 2147483647;
			files = (
				FFF320291D7440FA0058BE8D /* LaunchScreen.storyboard in Resources */,
				FFF320261D7440FA0058BE8D /* Assets.xcassets in Resources */,
				FFF320241D7440FA0058BE8D /* Main.storyboard in Resources */,
			);
			runOnlyForDeploymentPostprocessing = 0;
		};
		FFF3202D1D7440FA0058BE8D /* Resources */ = {
			isa = PBXResourcesBuildPhase;
			buildActionMask = 2147483647;
			files = (
			);
			runOnlyForDeploymentPostprocessing = 0;
		};
/* End PBXResourcesBuildPhase section */

/* Begin PBXSourcesBuildPhase section */
		FFF320121D7440FA0058BE8D /* Sources */ = {
			isa = PBXSourcesBuildPhase;
			buildActionMask = 2147483647;
			files = (
				FFF320211D7440FA0058BE8D /* ViewController.m in Sources */,
				FFF320441D7441970058BE8D /* MyArray.m in Sources */,
				FF4AADF81D75233B005EC8CB /* Person.m in Sources */,
				FFF3201E1D7440FA0058BE8D /* AppDelegate.m in Sources */,
				FFF3201B1D7440FA0058BE8D /* main.m in Sources */,
			);
			runOnlyForDeploymentPostprocessing = 0;
		};
		FFF3202B1D7440FA0058BE8D /* Sources */ = {
			isa = PBXSourcesBuildPhase;
			buildActionMask = 2147483647;
			files = (
				FF4AADFA1D755079005EC8CB /* testPerson.m in Sources */,
			);
			runOnlyForDeploymentPostprocessing = 0;
		};
/* End PBXSourcesBuildPhase section */

/* Begin PBXTargetDependency section */
		FFF320311D7440FA0058BE8D /* PBXTargetDependency */ = {
			isa = PBXTargetDependency;
			target = FFF320151D7440FA0058BE8D /* StudyDemo */;
			targetProxy = FFF320301D7440FA0058BE8D /* PBXContainerItemProxy */;
		};
/* End PBXTargetDependency section */

/* Begin PBXVariantGroup section */
		FFF320221D7440FA0058BE8D /* Main.storyboard */ = {
			isa = PBXVariantGroup;
			children = (
				FFF320231D7440FA0058BE8D /* Base */,
			);
			name = Main.storyboard;
			sourceTree = "<group>";
		};
		FFF320271D7440FA0058BE8D /* LaunchScreen.storyboard */ = {
			isa = PBXVariantGroup;
			children = (
				FFF320281D7440FA0058BE8D /* Base */,
			);
			name = LaunchScreen.storyboard;
			sourceTree = "<group>";
		};
/* End PBXVariantGroup section */

/* Begin XCBuildConfiguration section */
		FFF320361D7440FA0058BE8D /* Debug */ = {
			isa = XCBuildConfiguration;
			buildSettings = {
				ALWAYS_SEARCH_USER_PATHS = NO;
				CLANG_ANALYZER_NONNULL = YES;
				CLANG_CXX_LANGUAGE_STANDARD = "gnu++0x";
				CLANG_CXX_LIBRARY = "libc++";
				CLANG_ENABLE_MODULES = YES;
				CLANG_ENABLE_OBJC_ARC = YES;
				CLANG_WARN_BOOL_CONVERSION = YES;
				CLANG_WARN_CONSTANT_CONVERSION = YES;
				CLANG_WARN_DIRECT_OBJC_ISA_USAGE = YES_ERROR;
				CLANG_WARN_EMPTY_BODY = YES;
				CLANG_WARN_ENUM_CONVERSION = YES;
				CLANG_WARN_INT_CONVERSION = YES;
				CLANG_WARN_OBJC_ROOT_CLASS = YES_ERROR;
				CLANG_WARN_UNREACHABLE_CODE = YES;
				CLANG_WARN__DUPLICATE_METHOD_MATCH = YES;
				"CODE_SIGN_IDENTITY[sdk=iphoneos*]" = "iPhone Developer";
				COPY_PHASE_STRIP = NO;
				DEBUG_INFORMATION_FORMAT = dwarf;
				ENABLE_STRICT_OBJC_MSGSEND = YES;
				ENABLE_TESTABILITY = YES;
				GCC_C_LANGUAGE_STANDARD = gnu99;
				GCC_DYNAMIC_NO_PIC = NO;
				GCC_NO_COMMON_BLOCKS = YES;
				GCC_OPTIMIZATION_LEVEL = 0;
				GCC_PREPROCESSOR_DEFINITIONS = (
					"DEBUG=1",
					"$(inherited)",
				);
				GCC_WARN_64_TO_32_BIT_CONVERSION = YES;
				GCC_WARN_ABOUT_RETURN_TYPE = YES_ERROR;
				GCC_WARN_UNDECLARED_SELECTOR = YES;
				GCC_WARN_UNINITIALIZED_AUTOS = YES_AGGRESSIVE;
				GCC_WARN_UNUSED_FUNCTION = YES;
				GCC_WARN_UNUSED_VARIABLE = YES;
				IPHONEOS_DEPLOYMENT_TARGET = 9.3;
				MTL_ENABLE_DEBUG_INFO = YES;
				ONLY_ACTIVE_ARCH = YES;
				SDKROOT = iphoneos;
				TARGETED_DEVICE_FAMILY = "1,2";
			};
			name = Debug;
		};
		FFF320371D7440FA0058BE8D /* Release */ = {
			isa = XCBuildConfiguration;
			buildSettings = {
				ALWAYS_SEARCH_USER_PATHS = NO;
				CLANG_ANALYZER_NONNULL = YES;
				CLANG_CXX_LANGUAGE_STANDARD = "gnu++0x";
				CLANG_CXX_LIBRARY = "libc++";
				CLANG_ENABLE_MODULES = YES;
				CLANG_ENABLE_OBJC_ARC = YES;
				CLANG_WARN_BOOL_CONVERSION = YES;
				CLANG_WARN_CONSTANT_CONVERSION = YES;
				CLANG_WARN_DIRECT_OBJC_ISA_USAGE = YES_ERROR;
				CLANG_WARN_EMPTY_BODY = YES;
				CLANG_WARN_ENUM_CONVERSION = YES;
				CLANG_WARN_INT_CONVERSION = YES;
				CLANG_WARN_OBJC_ROOT_CLASS = YES_ERROR;
				CLANG_WARN_UNREACHABLE_CODE = YES;
				CLANG_WARN__DUPLICATE_METHOD_MATCH = YES;
				"CODE_SIGN_IDENTITY[sdk=iphoneos*]" = "iPhone Developer";
				COPY_PHASE_STRIP = NO;
				DEBUG_INFORMATION_FORMAT = "dwarf-with-dsym";
				ENABLE_NS_ASSERTIONS = NO;
				ENABLE_STRICT_OBJC_MSGSEND = YES;
				GCC_C_LANGUAGE_STANDARD = gnu99;
				GCC_NO_COMMON_BLOCKS = YES;
				GCC_WARN_64_TO_32_BIT_CONVERSION = YES;
				GCC_WARN_ABOUT_RETURN_TYPE = YES_ERROR;
				GCC_WARN_UNDECLARED_SELECTOR = YES;
				GCC_WARN_UNINITIALIZED_AUTOS = YES_AGGRESSIVE;
				GCC_WARN_UNUSED_FUNCTION = YES;
				GCC_WARN_UNUSED_VARIABLE = YES;
				IPHONEOS_DEPLOYMENT_TARGET = 9.3;
				MTL_ENABLE_DEBUG_INFO = NO;
				SDKROOT = iphoneos;
				TARGETED_DEVICE_FAMILY = "1,2";
				VALIDATE_PRODUCT = YES;
			};
			name = Release;
		};
		FFF320391D7440FA0058BE8D /* Debug */ = {
			isa = XCBuildConfiguration;
			buildSettings = {
				ASSETCATALOG_COMPILER_APPICON_NAME = AppIcon;
				INFOPLIST_FILE = StudyDemo/Info.plist;
				LD_RUNPATH_SEARCH_PATHS = "$(inherited) @executable_path/Frameworks";
				PRODUCT_BUNDLE_IDENTIFIER = com.douyu.StudyDemo;
				PRODUCT_NAME = "$(TARGET_NAME)";
			};
			name = Debug;
		};
		FFF3203A1D7440FA0058BE8D /* Release */ = {
			isa = XCBuildConfiguration;
			buildSettings = {
				ASSETCATALOG_COMPILER_APPICON_NAME = AppIcon;
				INFOPLIST_FILE = StudyDemo/Info.plist;
				LD_RUNPATH_SEARCH_PATHS = "$(inherited) @executable_path/Frameworks";
				PRODUCT_BUNDLE_IDENTIFIER = com.douyu.StudyDemo;
				PRODUCT_NAME = "$(TARGET_NAME)";
			};
			name = Release;
		};
		FFF3203C1D7440FA0058BE8D /* Debug */ = {
			isa = XCBuildConfiguration;
			buildSettings = {
				BUNDLE_LOADER = "$(TEST_HOST)";
				INFOPLIST_FILE = StudyDemoTests/Info.plist;
				LD_RUNPATH_SEARCH_PATHS = "$(inherited) @executable_path/Frameworks @loader_path/Frameworks";
				PRODUCT_BUNDLE_IDENTIFIER = com.douyu.StudyDemoTests;
				PRODUCT_NAME = "$(TARGET_NAME)";
				TEST_HOST = "$(BUILT_PRODUCTS_DIR)/StudyDemo.app/StudyDemo";
			};
			name = Debug;
		};
		FFF3203D1D7440FA0058BE8D /* Release */ = {
			isa = XCBuildConfiguration;
			buildSettings = {
				BUNDLE_LOADER = "$(TEST_HOST)";
				INFOPLIST_FILE = StudyDemoTests/Info.plist;
				LD_RUNPATH_SEARCH_PATHS = "$(inherited) @executable_path/Frameworks @loader_path/Frameworks";
				PRODUCT_BUNDLE_IDENTIFIER = com.douyu.StudyDemoTests;
				PRODUCT_NAME = "$(TARGET_NAME)";
				TEST_HOST = "$(BUILT_PRODUCTS_DIR)/StudyDemo.app/StudyDemo";
			};
			name = Release;
		};
/* End XCBuildConfiguration section */

/* Begin XCConfigurationList section */
		FFF320111D7440FA0058BE8D /* Build configuration list for PBXProject "StudyDemo" */ = {
			isa = XCConfigurationList;
			buildConfigurations = (
				FFF320361D7440FA0058BE8D /* Debug */,
				FFF320371D7440FA0058BE8D /* Release */,
			);
			defaultConfigurationIsVisible = 0;
			defaultConfigurationName = Release;
		};
		FFF320381D7440FA0058BE8D /* Build configuration list for PBXNativeTarget "StudyDemo" */ = {
			isa = XCConfigurationList;
			buildConfigurations = (
				FFF320391D7440FA0058BE8D /* Debug */,
				FFF3203A1D7440FA0058BE8D /* Release */,
			);
			defaultConfigurationIsVisible = 0;
			defaultConfigurationName = Release;
		};
		FFF3203B1D7440FA0058BE8D /* Build configuration list for PBXNativeTarget "StudyDemoTests" */ = {
			isa = XCConfigurationList;
			buildConfigurations = (
				FFF3203C1D7440FA0058BE8D /* Debug */,
				FFF3203D1D7440FA0058BE8D /* Release */,
			);
			defaultConfigurationIsVisible = 0;
			defaultConfigurationName = Release;
		};
/* End XCConfigurationList section */
	};
	rootObject = FFF3200E1D7440FA0058BE8D /* Project object */;
}
